
Microsoft Visual Studio Solution File, Format Version 12.00
# Visual Studio Version 17
VisualStudioVersion = 17.11.35327.3
MinimumVisualStudioVersion = 10.0.40219.1
Project("{FAE04EC0-301F-11D3-BF4B-00C04F79EFBC}") = "SAS", "SAS\SAS.csproj", "{73476009-2991-44F9-94F9-0A69E2BDC3CD}"
EndProject
Global
	GlobalSection(SolutionConfigurationPlatforms) = preSolution
		Debug|Any CPU = Debug|Any CPU
		Release|Any CPU = Release|Any CPU
	EndGlobalSection
	GlobalSection(ProjectConfigurationPlatforms) = postSolution
		{73476009-2991-44F9-94F9-0A69E2BDC3CD}.Debug|Any CPU.ActiveCfg = Debug|Any CPU
		{73476009-2991-44F9-94F9-0A69E2BDC3CD}.Debug|Any CPU.Build.0 = Debug|Any CPU
		{73476009-2991-44F9-94F9-0A69E2BDC3CD}.Release|Any CPU.ActiveCfg = Release|Any CPU
		{73476009-2991-44F9-94F9-0A69E2BDC3CD}.Release|Any CPU.Build.0 = Release|Any CPU
	EndGlobalSection
	GlobalSection(SolutionProperties) = preSolution
		HideSolutionNode = FALSE
	EndGlobalSection
	GlobalSection(ExtensibilityGlobals) = postSolution
		SolutionGuid = {2F5EB8B8-CE1F-44B5-8228-C3EB583D9642}
	EndGlobalSection
EndGlobal
